
Microsoft Visual Studio Solution File, Format Version 12.00
# Visual Studio Version 17
VisualStudioVersion = 17.8.34112.27
MinimumVisualStudioVersion = 10.0.40219.1
Project("{9A19103F-16F7-4668-BE54-9A1E7A4F7556}") = "OpusSharp", "OpusSharp\OpusSharp.csproj", "{36D343D2-08EF-4B3D-9962-97C8CFB3185C}"
EndProject
Project("{2150E333-8FDC-42A3-9474-1A3956D46DE8}") = "Solution Items", "Solution Items", "{C91965A8-8CD2-4365-A1AC-E907B917DD80}"
	ProjectSection(SolutionItems) = preProject
		.editorconfig = .editorconfig
	EndProjectSection
EndProject
Project("{9A19103F-16F7-4668-BE54-9A1E7A4F7556}") = "OpusSharp.Sample", "OpusSharp.Sample\OpusSharp.Sample.csproj", "{F47FF006-B562-4298-BCBE-9302BED7A08C}"
EndProject
Project("{2150E333-8FDC-42A3-9474-1A3956D46DE8}") = "ClientServer", "ClientServer", "{D889DA50-9992-43FF-BDEA-D7A3AFEE8994}"
EndProject
Project("{9A19103F-16F7-4668-BE54-9A1E7A4F7556}") = "Server", "ClientServer\Server\Server.csproj", "{794096D5-B058-4F4E-BCDF-F19DCFF3868D}"
EndProject
Project("{9A19103F-16F7-4668-BE54-9A1E7A4F7556}") = "Client", "ClientServer\Client\Client.csproj", "{54EFEBB6-9E18-482A-87AE-B35D4FA314A9}"
EndProject
Project("{9A19103F-16F7-4668-BE54-9A1E7A4F7556}") = "Neutrino.Sound", "Neutrino.Sound\Neutrino.Sound.csproj", "{4CFE8051-2184-4535-9CFB-7CCE755AAAEF}"
EndProject
Project("{9A19103F-16F7-4668-BE54-9A1E7A4F7556}") = "Neutrino.Psi", "Psi\Neutrino.Psi\Neutrino.Psi.csproj", "{D522EBC4-C720-44DE-A67E-4A4BE23F3819}"
EndProject
Project("{9A19103F-16F7-4668-BE54-9A1E7A4F7556}") = "Neutrino.Psi.Data", "Psi\Neutrino.Psi.Data\Neutrino.Psi.Data.csproj", "{F25D780E-F519-4E6F-941E-7966263143C4}"
EndProject
Project("{2150E333-8FDC-42A3-9474-1A3956D46DE8}") = "Psi", "Psi", "{840AB3EA-6E1F-4904-9F23-90E993AA29E2}"
EndProject
Project("{2150E333-8FDC-42A3-9474-1A3956D46DE8}") = "Audio", "Audio", "{D293E4D8-6AE7-4F78-8B73-6383FC723892}"
EndProject
Project("{9A19103F-16F7-4668-BE54-9A1E7A4F7556}") = "Neutrino.Psi.Audio", "Psi\Audio\Neutrino.Psi.Audio\Neutrino.Psi.Audio.csproj", "{7A0DD66F-94FA-4A9B-A6F6-5A279110A85A}"
EndProject
Project("{9A19103F-16F7-4668-BE54-9A1E7A4F7556}") = "Neutrino.Psi.Audio.Linux", "Psi\Audio\Neutrino.Psi.Audio.Linux\Neutrino.Psi.Audio.Linux.csproj", "{11D2F6BD-6563-473D-A54E-751307CB7DB1}"
EndProject
Project("{9A19103F-16F7-4668-BE54-9A1E7A4F7556}") = "Neutrino.Psi.Audio.Windows", "Psi\Audio\Neutrino.Psi.Audio.Windows\Neutrino.Psi.Audio.Windows.csproj", "{4C9230D5-39AC-4987-9648-7EBF6167D452}"
EndProject
Global
	GlobalSection(SolutionConfigurationPlatforms) = preSolution
		Debug|Any CPU = Debug|Any CPU
		Release|Any CPU = Release|Any CPU
	EndGlobalSection
	GlobalSection(ProjectConfigurationPlatforms) = postSolution
		{36D343D2-08EF-4B3D-9962-97C8CFB3185C}.Debug|Any CPU.ActiveCfg = Debug|Any CPU
		{36D343D2-08EF-4B3D-9962-97C8CFB3185C}.Debug|Any CPU.Build.0 = Debug|Any CPU
		{36D343D2-08EF-4B3D-9962-97C8CFB3185C}.Release|Any CPU.ActiveCfg = Release|Any CPU
		{36D343D2-08EF-4B3D-9962-97C8CFB3185C}.Release|Any CPU.Build.0 = Release|Any CPU
		{F47FF006-B562-4298-BCBE-9302BED7A08C}.Debug|Any CPU.ActiveCfg = Debug|Any CPU
		{F47FF006-B562-4298-BCBE-9302BED7A08C}.Debug|Any CPU.Build.0 = Debug|Any CPU
		{F47FF006-B562-4298-BCBE-9302BED7A08C}.Release|Any CPU.ActiveCfg = Release|Any CPU
		{F47FF006-B562-4298-BCBE-9302BED7A08C}.Release|Any CPU.Build.0 = Release|Any CPU
		{794096D5-B058-4F4E-BCDF-F19DCFF3868D}.Debug|Any CPU.ActiveCfg = Debug|Any CPU
		{794096D5-B058-4F4E-BCDF-F19DCFF3868D}.Debug|Any CPU.Build.0 = Debug|Any CPU
		{794096D5-B058-4F4E-BCDF-F19DCFF3868D}.Release|Any CPU.ActiveCfg = Release|Any CPU
		{794096D5-B058-4F4E-BCDF-F19DCFF3868D}.Release|Any CPU.Build.0 = Release|Any CPU
		{54EFEBB6-9E18-482A-87AE-B35D4FA314A9}.Debug|Any CPU.ActiveCfg = Debug|Any CPU
		{54EFEBB6-9E18-482A-87AE-B35D4FA314A9}.Debug|Any CPU.Build.0 = Debug|Any CPU
		{54EFEBB6-9E18-482A-87AE-B35D4FA314A9}.Release|Any CPU.ActiveCfg = Release|Any CPU
		{54EFEBB6-9E18-482A-87AE-B35D4FA314A9}.Release|Any CPU.Build.0 = Release|Any CPU
		{4CFE8051-2184-4535-9CFB-7CCE755AAAEF}.Debug|Any CPU.ActiveCfg = Debug|Any CPU
		{4CFE8051-2184-4535-9CFB-7CCE755AAAEF}.Debug|Any CPU.Build.0 = Debug|Any CPU
		{4CFE8051-2184-4535-9CFB-7CCE755AAAEF}.Release|Any CPU.ActiveCfg = Release|Any CPU
		{4CFE8051-2184-4535-9CFB-7CCE755AAAEF}.Release|Any CPU.Build.0 = Release|Any CPU
		{D522EBC4-C720-44DE-A67E-4A4BE23F3819}.Debug|Any CPU.ActiveCfg = Debug|Any CPU
		{D522EBC4-C720-44DE-A67E-4A4BE23F3819}.Debug|Any CPU.Build.0 = Debug|Any CPU
		{D522EBC4-C720-44DE-A67E-4A4BE23F3819}.Release|Any CPU.ActiveCfg = Release|Any CPU
		{D522EBC4-C720-44DE-A67E-4A4BE23F3819}.Release|Any CPU.Build.0 = Release|Any CPU
		{F25D780E-F519-4E6F-941E-7966263143C4}.Debug|Any CPU.ActiveCfg = Debug|Any CPU
		{F25D780E-F519-4E6F-941E-7966263143C4}.Debug|Any CPU.Build.0 = Debug|Any CPU
		{F25D780E-F519-4E6F-941E-7966263143C4}.Release|Any CPU.ActiveCfg = Release|Any CPU
		{F25D780E-F519-4E6F-941E-7966263143C4}.Release|Any CPU.Build.0 = Release|Any CPU
		{7A0DD66F-94FA-4A9B-A6F6-5A279110A85A}.Debug|Any CPU.ActiveCfg = Debug|Any CPU
		{7A0DD66F-94FA-4A9B-A6F6-5A279110A85A}.Debug|Any CPU.Build.0 = Debug|Any CPU
		{7A0DD66F-94FA-4A9B-A6F6-5A279110A85A}.Release|Any CPU.ActiveCfg = Release|Any CPU
		{7A0DD66F-94FA-4A9B-A6F6-5A279110A85A}.Release|Any CPU.Build.0 = Release|Any CPU
		{11D2F6BD-6563-473D-A54E-751307CB7DB1}.Debug|Any CPU.ActiveCfg = Debug|Any CPU
		{11D2F6BD-6563-473D-A54E-751307CB7DB1}.Debug|Any CPU.Build.0 = Debug|Any CPU
		{11D2F6BD-6563-473D-A54E-751307CB7DB1}.Release|Any CPU.ActiveCfg = Release|Any CPU
		{11D2F6BD-6563-473D-A54E-751307CB7DB1}.Release|Any CPU.Build.0 = Release|Any CPU
		{4C9230D5-39AC-4987-9648-7EBF6167D452}.Debug|Any CPU.ActiveCfg = Debug|Any CPU
		{4C9230D5-39AC-4987-9648-7EBF6167D452}.Debug|Any CPU.Build.0 = Debug|Any CPU
		{4C9230D5-39AC-4987-9648-7EBF6167D452}.Release|Any CPU.ActiveCfg = Release|Any CPU
		{4C9230D5-39AC-4987-9648-7EBF6167D452}.Release|Any CPU.Build.0 = Release|Any CPU
	EndGlobalSection
	GlobalSection(SolutionProperties) = preSolution
		HideSolutionNode = FALSE
	EndGlobalSection
	GlobalSection(NestedProjects) = preSolution
		{794096D5-B058-4F4E-BCDF-F19DCFF3868D} = {D889DA50-9992-43FF-BDEA-D7A3AFEE8994}
		{54EFEBB6-9E18-482A-87AE-B35D4FA314A9} = {D889DA50-9992-43FF-BDEA-D7A3AFEE8994}
		{D522EBC4-C720-44DE-A67E-4A4BE23F3819} = {840AB3EA-6E1F-4904-9F23-90E993AA29E2}
		{F25D780E-F519-4E6F-941E-7966263143C4} = {840AB3EA-6E1F-4904-9F23-90E993AA29E2}
		{D293E4D8-6AE7-4F78-8B73-6383FC723892} = {840AB3EA-6E1F-4904-9F23-90E993AA29E2}
		{7A0DD66F-94FA-4A9B-A6F6-5A279110A85A} = {D293E4D8-6AE7-4F78-8B73-6383FC723892}
		{11D2F6BD-6563-473D-A54E-751307CB7DB1} = {D293E4D8-6AE7-4F78-8B73-6383FC723892}
		{4C9230D5-39AC-4987-9648-7EBF6167D452} = {D293E4D8-6AE7-4F78-8B73-6383FC723892}
	EndGlobalSection
	GlobalSection(ExtensibilityGlobals) = postSolution
		SolutionGuid = {CD86DDD2-6E82-4732-B472-777D94360C7F}
	EndGlobalSection
EndGlobal
